// !$*UTF8*$!
{
	archiveVersion = 1;
	classes = {
	};
	objectVersion = 56;
	objects = {

/* Begin PBXBuildFile section */
		721FCD622BC8FD3B00B09922 /* TermsVC.swift in Sources */ = {isa = PBXBuildFile; fileRef = 721FCD612BC8FD3B00B09922 /* TermsVC.swift */; };
		726A95A62B9ACC170085492E /* SettingsVC.swift in Sources */ = {isa = PBXBuildFile; fileRef = 726A95A52B9ACC170085492E /* SettingsVC.swift */; };
		72D9970E2B84839D004051E2 /* RealVisionVC.swift in Sources */ = {isa = PBXBuildFile; fileRef = 72D9970D2B84839D004051E2 /* RealVisionVC.swift */; };
		72D997112B84856E004051E2 /* Lottie in Frameworks */ = {isa = PBXBuildFile; productRef = 72D997102B84856E004051E2 /* Lottie */; };
		953944EC2BC9CD85001FC871 /* LiveVC.swift in Sources */ = {isa = PBXBuildFile; fileRef = 953944EB2BC9CD85001FC871 /* LiveVC.swift */; };
		9544896D2BB383140050F01B /* FirebaseAnalytics in Frameworks */ = {isa = PBXBuildFile; productRef = 9544896C2BB383140050F01B /* FirebaseAnalytics */; };
		9544896F2BB383140050F01B /* FirebaseDatabase in Frameworks */ = {isa = PBXBuildFile; productRef = 9544896E2BB383140050F01B /* FirebaseDatabase */; };
		954489712BB383140050F01B /* FirebaseDatabaseSwift in Frameworks */ = {isa = PBXBuildFile; productRef = 954489702BB383140050F01B /* FirebaseDatabaseSwift */; };
		954489732BB383140050F01B /* FirebaseFirestore in Frameworks */ = {isa = PBXBuildFile; productRef = 954489722BB383140050F01B /* FirebaseFirestore */; };
		954489752BB383140050F01B /* FirebaseFirestoreCombine-Community in Frameworks */ = {isa = PBXBuildFile; productRef = 954489742BB383140050F01B /* FirebaseFirestoreCombine-Community */; };
		954489772BB383140050F01B /* FirebaseFirestoreSwift in Frameworks */ = {isa = PBXBuildFile; productRef = 954489762BB383140050F01B /* FirebaseFirestoreSwift */; };
		954489792BB383140050F01B /* FirebaseStorage in Frameworks */ = {isa = PBXBuildFile; productRef = 954489782BB383140050F01B /* FirebaseStorage */; };
		9544897F2BB4CB840050F01B /* FirebaseAuth in Frameworks */ = {isa = PBXBuildFile; productRef = 9544897E2BB4CB840050F01B /* FirebaseAuth */; };
		959B2A412BB7AE7500325035 /* PrivacyPolicyVC.swift in Sources */ = {isa = PBXBuildFile; fileRef = 959B2A402BB7AE7500325035 /* PrivacyPolicyVC.swift */; };
		D2250EA92BB7671E008DAB56 /* HelpVC.swift in Sources */ = {isa = PBXBuildFile; fileRef = D2250EA82BB7671E008DAB56 /* HelpVC.swift */; };
		D23FF1162BC8F137000FA792 /* AnimationVC.swift in Sources */ = {isa = PBXBuildFile; fileRef = D23FF1152BC8F137000FA792 /* AnimationVC.swift */; };
		D242298A2B97CC6A0081737E /* UIAlertController + Extension.swift in Sources */ = {isa = PBXBuildFile; fileRef = D24229892B97CC6A0081737E /* UIAlertController + Extension.swift */; };
		D242298C2B97CC990081737E /* UIViewController + Extension.swift in Sources */ = {isa = PBXBuildFile; fileRef = D242298B2B97CC990081737E /* UIViewController + Extension.swift */; };
		D242298E2B97CCB50081737E /* String + Extension.swift in Sources */ = {isa = PBXBuildFile; fileRef = D242298D2B97CCB50081737E /* String + Extension.swift */; };
		D277CCA52BC9F605000A9E00 /* Resnet50.mlmodel in Sources */ = {isa = PBXBuildFile; fileRef = D277CCA42BC9F605000A9E00 /* Resnet50.mlmodel */; };
		D277CCAB2BCA0868000A9E00 /* GoogleService-Info.plist in Resources */ = {isa = PBXBuildFile; fileRef = D277CCAA2BCA0868000A9E00 /* GoogleService-Info.plist */; };
		D27CC8982B996ADB00939C55 /* ResetpasswordVC.swift in Sources */ = {isa = PBXBuildFile; fileRef = D27CC8972B996ADB00939C55 /* ResetpasswordVC.swift */; };
		D27CC89A2B996B3400939C55 /* SignupVC.swift in Sources */ = {isa = PBXBuildFile; fileRef = D27CC8992B996B3400939C55 /* SignupVC.swift */; };
		D27CC89C2B996B5E00939C55 /* HomescreenVC.swift in Sources */ = {isa = PBXBuildFile; fileRef = D27CC89B2B996B5E00939C55 /* HomescreenVC.swift */; };
		D2AA4E6D2B82E717007D6FFC /* AppDelegate.swift in Sources */ = {isa = PBXBuildFile; fileRef = D2AA4E6C2B82E717007D6FFC /* AppDelegate.swift */; };
		D2AA4E6F2B82E717007D6FFC /* SceneDelegate.swift in Sources */ = {isa = PBXBuildFile; fileRef = D2AA4E6E2B82E717007D6FFC /* SceneDelegate.swift */; };
		D2AA4E712B82E717007D6FFC /* ViewController.swift in Sources */ = {isa = PBXBuildFile; fileRef = D2AA4E702B82E717007D6FFC /* ViewController.swift */; };
		D2AA4E742B82E717007D6FFC /* Main.storyboard in Resources */ = {isa = PBXBuildFile; fileRef = D2AA4E722B82E717007D6FFC /* Main.storyboard */; };
		D2AA4E762B82E718007D6FFC /* Assets.xcassets in Resources */ = {isa = PBXBuildFile; fileRef = D2AA4E752B82E718007D6FFC /* Assets.xcassets */; };
		D2AA4E792B82E718007D6FFC /* LaunchScreen.storyboard in Resources */ = {isa = PBXBuildFile; fileRef = D2AA4E772B82E718007D6FFC /* LaunchScreen.storyboard */; };
		D2AA4E842B82E718007D6FFC /* RealVisionTests.swift in Sources */ = {isa = PBXBuildFile; fileRef = D2AA4E832B82E718007D6FFC /* RealVisionTests.swift */; };
		D2AA4E8E2B82E718007D6FFC /* RealVisionUITests.swift in Sources */ = {isa = PBXBuildFile; fileRef = D2AA4E8D2B82E718007D6FFC /* RealVisionUITests.swift */; };
		D2AA4E902B82E718007D6FFC /* RealVisionUITestsLaunchTests.swift in Sources */ = {isa = PBXBuildFile; fileRef = D2AA4E8F2B82E718007D6FFC /* RealVisionUITestsLaunchTests.swift */; };
/* End PBXBuildFile section */

/* Begin PBXContainerItemProxy section */
		D2AA4E802B82E718007D6FFC /* PBXContainerItemProxy */ = {
			isa = PBXContainerItemProxy;
			containerPortal = D2AA4E612B82E717007D6FFC /* Project object */;
			proxyType = 1;
			remoteGlobalIDString = D2AA4E682B82E717007D6FFC;
			remoteInfo = RealVision;
		};
		D2AA4E8A2B82E718007D6FFC /* PBXContainerItemProxy */ = {
			isa = PBXContainerItemProxy;
			containerPortal = D2AA4E612B82E717007D6FFC /* Project object */;
			proxyType = 1;
			remoteGlobalIDString = D2AA4E682B82E717007D6FFC;
			remoteInfo = RealVision;
		};
/* End PBXContainerItemProxy section */

/* Begin PBXFileReference section */
		721FCD612BC8FD3B00B09922 /* TermsVC.swift */ = {isa = PBXFileReference; lastKnownFileType = sourcecode.swift; path = TermsVC.swift; sourceTree = "<group>"; };
		726A95A52B9ACC170085492E /* SettingsVC.swift */ = {isa = PBXFileReference; lastKnownFileType = sourcecode.swift; path = SettingsVC.swift; sourceTree = "<group>"; };
		72D9970D2B84839D004051E2 /* RealVisionVC.swift */ = {isa = PBXFileReference; lastKnownFileType = sourcecode.swift; path = RealVisionVC.swift; sourceTree = "<group>"; };
		953944EB2BC9CD85001FC871 /* LiveVC.swift */ = {isa = PBXFileReference; lastKnownFileType = sourcecode.swift; path = LiveVC.swift; sourceTree = "<group>"; };
		959B2A402BB7AE7500325035 /* PrivacyPolicyVC.swift */ = {isa = PBXFileReference; lastKnownFileType = sourcecode.swift; path = PrivacyPolicyVC.swift; sourceTree = "<group>"; };
		D2250EA82BB7671E008DAB56 /* HelpVC.swift */ = {isa = PBXFileReference; lastKnownFileType = sourcecode.swift; path = HelpVC.swift; sourceTree = "<group>"; };
		D23FF1152BC8F137000FA792 /* AnimationVC.swift */ = {isa = PBXFileReference; lastKnownFileType = sourcecode.swift; path = AnimationVC.swift; sourceTree = "<group>"; };
		D24229892B97CC6A0081737E /* UIAlertController + Extension.swift */ = {isa = PBXFileReference; lastKnownFileType = sourcecode.swift; path = "UIAlertController + Extension.swift"; sourceTree = "<group>"; };
		D242298B2B97CC990081737E /* UIViewController + Extension.swift */ = {isa = PBXFileReference; lastKnownFileType = sourcecode.swift; path = "UIViewController + Extension.swift"; sourceTree = "<group>"; };
		D242298D2B97CCB50081737E /* String + Extension.swift */ = {isa = PBXFileReference; lastKnownFileType = sourcecode.swift; path = "String + Extension.swift"; sourceTree = "<group>"; };
		D277CCA42BC9F605000A9E00 /* Resnet50.mlmodel */ = {isa = PBXFileReference; lastKnownFileType = file.mlmodel; path = Resnet50.mlmodel; sourceTree = "<group>"; };
		D277CCAA2BCA0868000A9E00 /* GoogleService-Info.plist */ = {isa = PBXFileReference; fileEncoding = 4; lastKnownFileType = text.plist.xml; path = "GoogleService-Info.plist"; sourceTree = "<group>"; };
		D27CC8972B996ADB00939C55 /* ResetpasswordVC.swift */ = {isa = PBXFileReference; lastKnownFileType = sourcecode.swift; path = ResetpasswordVC.swift; sourceTree = "<group>"; };
		D27CC8992B996B3400939C55 /* SignupVC.swift */ = {isa = PBXFileReference; lastKnownFileType = sourcecode.swift; path = SignupVC.swift; sourceTree = "<group>"; };
		D27CC89B2B996B5E00939C55 /* HomescreenVC.swift */ = {isa = PBXFileReference; lastKnownFileType = sourcecode.swift; path = HomescreenVC.swift; sourceTree = "<group>"; };
		D2AA4E692B82E717007D6FFC /* RealVision.app */ = {isa = PBXFileReference; explicitFileType = wrapper.application; includeInIndex = 0; path = RealVision.app; sourceTree = BUILT_PRODUCTS_DIR; };
		D2AA4E6C2B82E717007D6FFC /* AppDelegate.swift */ = {isa = PBXFileReference; lastKnownFileType = sourcecode.swift; path = AppDelegate.swift; sourceTree = "<group>"; };
		D2AA4E6E2B82E717007D6FFC /* SceneDelegate.swift */ = {isa = PBXFileReference; lastKnownFileType = sourcecode.swift; path = SceneDelegate.swift; sourceTree = "<group>"; };
		D2AA4E702B82E717007D6FFC /* ViewController.swift */ = {isa = PBXFileReference; lastKnownFileType = sourcecode.swift; path = ViewController.swift; sourceTree = "<group>"; };
		D2AA4E732B82E717007D6FFC /* Base */ = {isa = PBXFileReference; lastKnownFileType = file.storyboard; name = Base; path = Base.lproj/Main.storyboard; sourceTree = "<group>"; };
		D2AA4E752B82E718007D6FFC /* Assets.xcassets */ = {isa = PBXFileReference; lastKnownFileType = folder.assetcatalog; path = Assets.xcassets; sourceTree = "<group>"; };
		D2AA4E782B82E718007D6FFC /* Base */ = {isa = PBXFileReference; lastKnownFileType = file.storyboard; name = Base; path = Base.lproj/LaunchScreen.storyboard; sourceTree = "<group>"; };
		D2AA4E7A2B82E718007D6FFC /* Info.plist */ = {isa = PBXFileReference; lastKnownFileType = text.plist.xml; path = Info.plist; sourceTree = "<group>"; };
		D2AA4E7F2B82E718007D6FFC /* RealVisionTests.xctest */ = {isa = PBXFileReference; explicitFileType = wrapper.cfbundle; includeInIndex = 0; path = RealVisionTests.xctest; sourceTree = BUILT_PRODUCTS_DIR; };
		D2AA4E832B82E718007D6FFC /* RealVisionTests.swift */ = {isa = PBXFileReference; lastKnownFileType = sourcecode.swift; path = RealVisionTests.swift; sourceTree = "<group>"; };
		D2AA4E892B82E718007D6FFC /* RealVisionUITests.xctest */ = {isa = PBXFileReference; explicitFileType = wrapper.cfbundle; includeInIndex = 0; path = RealVisionUITests.xctest; sourceTree = BUILT_PRODUCTS_DIR; };
		D2AA4E8D2B82E718007D6FFC /* RealVisionUITests.swift */ = {isa = PBXFileReference; lastKnownFileType = sourcecode.swift; path = RealVisionUITests.swift; sourceTree = "<group>"; };
		D2AA4E8F2B82E718007D6FFC /* RealVisionUITestsLaunchTests.swift */ = {isa = PBXFileReference; lastKnownFileType = sourcecode.swift; path = RealVisionUITestsLaunchTests.swift; sourceTree = "<group>"; };
/* End PBXFileReference section */

/* Begin PBXFrameworksBuildPhase section */
		D2AA4E662B82E717007D6FFC /* Frameworks */ = {
			isa = PBXFrameworksBuildPhase;
			buildActionMask = 2147483647;
			files = (
				954489712BB383140050F01B /* FirebaseDatabaseSwift in Frameworks */,
				9544896F2BB383140050F01B /* FirebaseDatabase in Frameworks */,
				9544896D2BB383140050F01B /* FirebaseAnalytics in Frameworks */,
				954489772BB383140050F01B /* FirebaseFirestoreSwift in Frameworks */,
				9544897F2BB4CB840050F01B /* FirebaseAuth in Frameworks */,
				954489752BB383140050F01B /* FirebaseFirestoreCombine-Community in Frameworks */,
				954489792BB383140050F01B /* FirebaseStorage in Frameworks */,
				954489732BB383140050F01B /* FirebaseFirestore in Frameworks */,
				72D997112B84856E004051E2 /* Lottie in Frameworks */,
			);
			runOnlyForDeploymentPostprocessing = 0;
		};
		D2AA4E7C2B82E718007D6FFC /* Frameworks */ = {
			isa = PBXFrameworksBuildPhase;
			buildActionMask = 2147483647;
			files = (
			);
			runOnlyForDeploymentPostprocessing = 0;
		};
		D2AA4E862B82E718007D6FFC /* Frameworks */ = {
			isa = PBXFrameworksBuildPhase;
			buildActionMask = 2147483647;
			files = (
			);
			runOnlyForDeploymentPostprocessing = 0;
		};
/* End PBXFrameworksBuildPhase section */

/* Begin PBXGroup section */
		D242298F2B97CFD00081737E /* Extension */ = {
			isa = PBXGroup;
			children = (
				D242298B2B97CC990081737E /* UIViewController + Extension.swift */,
				D24229892B97CC6A0081737E /* UIAlertController + Extension.swift */,
				D242298D2B97CCB50081737E /* String + Extension.swift */,
			);
			path = Extension;
			sourceTree = "<group>";
		};
		D2AA4E602B82E717007D6FFC = {
			isa = PBXGroup;
			children = (
				D2AA4E6B2B82E717007D6FFC /* RealVision */,
				D2AA4E822B82E718007D6FFC /* RealVisionTests */,
				D2AA4E8C2B82E718007D6FFC /* RealVisionUITests */,
				D2AA4E6A2B82E717007D6FFC /* Products */,
			);
			sourceTree = "<group>";
		};
		D2AA4E6A2B82E717007D6FFC /* Products */ = {
			isa = PBXGroup;
			children = (
				D2AA4E692B82E717007D6FFC /* RealVision.app */,
				D2AA4E7F2B82E718007D6FFC /* RealVisionTests.xctest */,
				D2AA4E892B82E718007D6FFC /* RealVisionUITests.xctest */,
			);
			name = Products;
			sourceTree = "<group>";
		};
		D2AA4E6B2B82E717007D6FFC /* RealVision */ = {
			isa = PBXGroup;
			children = (
				D2AA4E6C2B82E717007D6FFC /* AppDelegate.swift */,
				D2AA4E6E2B82E717007D6FFC /* SceneDelegate.swift */,
				D242298F2B97CFD00081737E /* Extension */,
				D2AA4E702B82E717007D6FFC /* ViewController.swift */,
				D27CC89B2B996B5E00939C55 /* HomescreenVC.swift */,
				72D9970D2B84839D004051E2 /* RealVisionVC.swift */,
				D27CC8992B996B3400939C55 /* SignupVC.swift */,
				726A95A52B9ACC170085492E /* SettingsVC.swift */,
				D23FF1152BC8F137000FA792 /* AnimationVC.swift */,
				D27CC8972B996ADB00939C55 /* ResetpasswordVC.swift */,
				D2250EA82BB7671E008DAB56 /* HelpVC.swift */,
				D2AA4E722B82E717007D6FFC /* Main.storyboard */,
				953944EB2BC9CD85001FC871 /* LiveVC.swift */,
				721FCD612BC8FD3B00B09922 /* TermsVC.swift */,
				959B2A402BB7AE7500325035 /* PrivacyPolicyVC.swift */,
				D2AA4E752B82E718007D6FFC /* Assets.xcassets */,
				D2AA4E772B82E718007D6FFC /* LaunchScreen.storyboard */,
				D277CCA42BC9F605000A9E00 /* Resnet50.mlmodel */,
				D2AA4E7A2B82E718007D6FFC /* Info.plist */,
				D277CCAA2BCA0868000A9E00 /* GoogleService-Info.plist */,
			);
			path = RealVision;
			sourceTree = "<group>";
		};
		D2AA4E822B82E718007D6FFC /* RealVisionTests */ = {
			isa = PBXGroup;
			children = (
				D2AA4E832B82E718007D6FFC /* RealVisionTests.swift */,
			);
			path = RealVisionTests;
			sourceTree = "<group>";
		};
		D2AA4E8C2B82E718007D6FFC /* RealVisionUITests */ = {
			isa = PBXGroup;
			children = (
				D2AA4E8D2B82E718007D6FFC /* RealVisionUITests.swift */,
				D2AA4E8F2B82E718007D6FFC /* RealVisionUITestsLaunchTests.swift */,
			);
			path = RealVisionUITests;
			sourceTree = "<group>";
		};
/* End PBXGroup section */

/* Begin PBXNativeTarget section */
		D2AA4E682B82E717007D6FFC /* RealVision */ = {
			isa = PBXNativeTarget;
			buildConfigurationList = D2AA4E932B82E718007D6FFC /* Build configuration list for PBXNativeTarget "RealVision" */;
			buildPhases = (
				D2AA4E652B82E717007D6FFC /* Sources */,
				D2AA4E662B82E717007D6FFC /* Frameworks */,
				D2AA4E672B82E717007D6FFC /* Resources */,
			);
			buildRules = (
			);
			dependencies = (
			);
			name = RealVision;
			packageProductDependencies = (
				72D997102B84856E004051E2 /* Lottie */,
				9544896C2BB383140050F01B /* FirebaseAnalytics */,
				9544896E2BB383140050F01B /* FirebaseDatabase */,
				954489702BB383140050F01B /* FirebaseDatabaseSwift */,
				954489722BB383140050F01B /* FirebaseFirestore */,
				954489742BB383140050F01B /* FirebaseFirestoreCombine-Community */,
				954489762BB383140050F01B /* FirebaseFirestoreSwift */,
				954489782BB383140050F01B /* FirebaseStorage */,
				9544897E2BB4CB840050F01B /* FirebaseAuth */,
			);
			productName = RealVision;
			productReference = D2AA4E692B82E717007D6FFC /* RealVision.app */;
			productType = "com.apple.product-type.application";
		};
		D2AA4E7E2B82E718007D6FFC /* RealVisionTests */ = {
			isa = PBXNativeTarget;
			buildConfigurationList = D2AA4E962B82E718007D6FFC /* Build configuration list for PBXNativeTarget "RealVisionTests" */;
			buildPhases = (
				D2AA4E7B2B82E718007D6FFC /* Sources */,
				D2AA4E7C2B82E718007D6FFC /* Frameworks */,
				D2AA4E7D2B82E718007D6FFC /* Resources */,
			);
			buildRules = (
			);
			dependencies = (
				D2AA4E812B82E718007D6FFC /* PBXTargetDependency */,
			);
			name = RealVisionTests;
			productName = RealVisionTests;
			productReference = D2AA4E7F2B82E718007D6FFC /* RealVisionTests.xctest */;
			productType = "com.apple.product-type.bundle.unit-test";
		};
		D2AA4E882B82E718007D6FFC /* RealVisionUITests */ = {
			isa = PBXNativeTarget;
			buildConfigurationList = D2AA4E992B82E718007D6FFC /* Build configuration list for PBXNativeTarget "RealVisionUITests" */;
			buildPhases = (
				D2AA4E852B82E718007D6FFC /* Sources */,
				D2AA4E862B82E718007D6FFC /* Frameworks */,
				D2AA4E872B82E718007D6FFC /* Resources */,
			);
			buildRules = (
			);
			dependencies = (
				D2AA4E8B2B82E718007D6FFC /* PBXTargetDependency */,
			);
			name = RealVisionUITests;
			productName = RealVisionUITests;
			productReference = D2AA4E892B82E718007D6FFC /* RealVisionUITests.xctest */;
			productType = "com.apple.product-type.bundle.ui-testing";
		};
/* End PBXNativeTarget section */

/* Begin PBXProject section */
		D2AA4E612B82E717007D6FFC /* Project object */ = {
			isa = PBXProject;
			attributes = {
				BuildIndependentTargetsInParallel = 1;
				LastSwiftUpdateCheck = 1520;
				LastUpgradeCheck = 1520;
				TargetAttributes = {
					D2AA4E682B82E717007D6FFC = {
						CreatedOnToolsVersion = 15.2;
					};
					D2AA4E7E2B82E718007D6FFC = {
						CreatedOnToolsVersion = 15.2;
						TestTargetID = D2AA4E682B82E717007D6FFC;
					};
					D2AA4E882B82E718007D6FFC = {
						CreatedOnToolsVersion = 15.2;
						TestTargetID = D2AA4E682B82E717007D6FFC;
					};
				};
			};
			buildConfigurationList = D2AA4E642B82E717007D6FFC /* Build configuration list for PBXProject "RealVision" */;
			compatibilityVersion = "Xcode 14.0";
			developmentRegion = en;
			hasScannedForEncodings = 0;
			knownRegions = (
				en,
				Base,
			);
			mainGroup = D2AA4E602B82E717007D6FFC;
			packageReferences = (
				72D9970F2B84856E004051E2 /* XCRemoteSwiftPackageReference "lottie-ios" */,
				9544896B2BB383140050F01B /* XCRemoteSwiftPackageReference "firebase-ios-sdk" */,
			);
			productRefGroup = D2AA4E6A2B82E717007D6FFC /* Products */;
			projectDirPath = "";
			projectRoot = "";
			targets = (
				D2AA4E682B82E717007D6FFC /* RealVision */,
				D2AA4E7E2B82E718007D6FFC /* RealVisionTests */,
				D2AA4E882B82E718007D6FFC /* RealVisionUITests */,
			);
		};
/* End PBXProject section */

/* Begin PBXResourcesBuildPhase section */
		D2AA4E672B82E717007D6FFC /* Resources */ = {
			isa = PBXResourcesBuildPhase;
			buildActionMask = 2147483647;
			files = (
				D2AA4E792B82E718007D6FFC /* LaunchScreen.storyboard in Resources */,
				D277CCAB2BCA0868000A9E00 /* GoogleService-Info.plist in Resources */,
				D2AA4E762B82E718007D6FFC /* Assets.xcassets in Resources */,
				D2AA4E742B82E717007D6FFC /* Main.storyboard in Resources */,
			);
			runOnlyForDeploymentPostprocessing = 0;
		};
		D2AA4E7D2B82E718007D6FFC /* Resources */ = {
			isa = PBXResourcesBuildPhase;
			buildActionMask = 2147483647;
			files = (
			);
			runOnlyForDeploymentPostprocessing = 0;
		};
		D2AA4E872B82E718007D6FFC /* Resources */ = {
			isa = PBXResourcesBuildPhase;
			buildActionMask = 2147483647;
			files = (
			);
			runOnlyForDeploymentPostprocessing = 0;
		};
/* End PBXResourcesBuildPhase section */

/* Begin PBXSourcesBuildPhase section */
		D2AA4E652B82E717007D6FFC /* Sources */ = {
			isa = PBXSourcesBuildPhase;
			buildActionMask = 2147483647;
			files = (
				D2AA4E712B82E717007D6FFC /* ViewController.swift in Sources */,
				D242298A2B97CC6A0081737E /* UIAlertController + Extension.swift in Sources */,
				D242298E2B97CCB50081737E /* String + Extension.swift in Sources */,
				D27CC89A2B996B3400939C55 /* SignupVC.swift in Sources */,
				D2AA4E6D2B82E717007D6FFC /* AppDelegate.swift in Sources */,
				726A95A62B9ACC170085492E /* SettingsVC.swift in Sources */,
				D277CCA52BC9F605000A9E00 /* Resnet50.mlmodel in Sources */,
				72D9970E2B84839D004051E2 /* RealVisionVC.swift in Sources */,
				D27CC8982B996ADB00939C55 /* ResetpasswordVC.swift in Sources */,
				721FCD622BC8FD3B00B09922 /* TermsVC.swift in Sources */,
				D27CC89C2B996B5E00939C55 /* HomescreenVC.swift in Sources */,
				959B2A412BB7AE7500325035 /* PrivacyPolicyVC.swift in Sources */,
				D2250EA92BB7671E008DAB56 /* HelpVC.swift in Sources */,
				D23FF1162BC8F137000FA792 /* AnimationVC.swift in Sources */,
				953944EC2BC9CD85001FC871 /* LiveVC.swift in Sources */,
				D242298C2B97CC990081737E /* UIViewController + Extension.swift in Sources */,
				D2AA4E6F2B82E717007D6FFC /* SceneDelegate.swift in Sources */,
			);
			runOnlyForDeploymentPostprocessing = 0;
		};
		D2AA4E7B2B82E718007D6FFC /* Sources */ = {
			isa = PBXSourcesBuildPhase;
			buildActionMask = 2147483647;
			files = (
				D2AA4E842B82E718007D6FFC /* RealVisionTests.swift in Sources */,
			);
			runOnlyForDeploymentPostprocessing = 0;
		};
		D2AA4E852B82E718007D6FFC /* Sources */ = {
			isa = PBXSourcesBuildPhase;
			buildActionMask = 2147483647;
			files = (
				D2AA4E902B82E718007D6FFC /* RealVisionUITestsLaunchTests.swift in Sources */,
				D2AA4E8E2B82E718007D6FFC /* RealVisionUITests.swift in Sources */,
			);
			runOnlyForDeploymentPostprocessing = 0;
		};
/* End PBXSourcesBuildPhase section */

/* Begin PBXTargetDependency section */
		D2AA4E812B82E718007D6FFC /* PBXTargetDependency */ = {
			isa = PBXTargetDependency;
			target = D2AA4E682B82E717007D6FFC /* RealVision */;
			targetProxy = D2AA4E802B82E718007D6FFC /* PBXContainerItemProxy */;
		};
		D2AA4E8B2B82E718007D6FFC /* PBXTargetDependency */ = {
			isa = PBXTargetDependency;
			target = D2AA4E682B82E717007D6FFC /* RealVision */;
			targetProxy = D2AA4E8A2B82E718007D6FFC /* PBXContainerItemProxy */;
		};
/* End PBXTargetDependency section */

/* Begin PBXVariantGroup section */
		D2AA4E722B82E717007D6FFC /* Main.storyboard */ = {
			isa = PBXVariantGroup;
			children = (
				D2AA4E732B82E717007D6FFC /* Base */,
			);
			name = Main.storyboard;
			sourceTree = "<group>";
		};
		D2AA4E772B82E718007D6FFC /* LaunchScreen.storyboard */ = {
			isa = PBXVariantGroup;
			children = (
				D2AA4E782B82E718007D6FFC /* Base */,
			);
			name = LaunchScreen.storyboard;
			sourceTree = "<group>";
		};
/* End PBXVariantGroup section */

/* Begin XCBuildConfiguration section */
		D2AA4E912B82E718007D6FFC /* Debug */ = {
			isa = XCBuildConfiguration;
			buildSettings = {
				ALWAYS_SEARCH_USER_PATHS = NO;
				ASSETCATALOG_COMPILER_GENERATE_SWIFT_ASSET_SYMBOL_EXTENSIONS = YES;
				CLANG_ANALYZER_NONNULL = YES;
				CLANG_ANALYZER_NUMBER_OBJECT_CONVERSION = YES_AGGRESSIVE;
				CLANG_CXX_LANGUAGE_STANDARD = "gnu++20";
				CLANG_ENABLE_MODULES = YES;
				CLANG_ENABLE_OBJC_ARC = YES;
				CLANG_ENABLE_OBJC_WEAK = YES;
				CLANG_WARN_BLOCK_CAPTURE_AUTORELEASING = YES;
				CLANG_WARN_BOOL_CONVERSION = YES;
				CLANG_WARN_COMMA = YES;
				CLANG_WARN_CONSTANT_CONVERSION = YES;
				CLANG_WARN_DEPRECATED_OBJC_IMPLEMENTATIONS = YES;
				CLANG_WARN_DIRECT_OBJC_ISA_USAGE = YES_ERROR;
				CLANG_WARN_DOCUMENTATION_COMMENTS = YES;
				CLANG_WARN_EMPTY_BODY = YES;
				CLANG_WARN_ENUM_CONVERSION = YES;
				CLANG_WARN_INFINITE_RECURSION = YES;
				CLANG_WARN_INT_CONVERSION = YES;
				CLANG_WARN_NON_LITERAL_NULL_CONVERSION = YES;
				CLANG_WARN_OBJC_IMPLICIT_RETAIN_SELF = YES;
				CLANG_WARN_OBJC_LITERAL_CONVERSION = YES;
				CLANG_WARN_OBJC_ROOT_CLASS = YES_ERROR;
				CLANG_WARN_QUOTED_INCLUDE_IN_FRAMEWORK_HEADER = YES;
				CLANG_WARN_RANGE_LOOP_ANALYSIS = YES;
				CLANG_WARN_STRICT_PROTOTYPES = YES;
				CLANG_WARN_SUSPICIOUS_MOVE = YES;
				CLANG_WARN_UNGUARDED_AVAILABILITY = YES_AGGRESSIVE;
				CLANG_WARN_UNREACHABLE_CODE = YES;
				CLANG_WARN__DUPLICATE_METHOD_MATCH = YES;
				COPY_PHASE_STRIP = NO;
				DEBUG_INFORMATION_FORMAT = dwarf;
				ENABLE_STRICT_OBJC_MSGSEND = YES;
				ENABLE_TESTABILITY = YES;
				ENABLE_USER_SCRIPT_SANDBOXING = YES;
				GCC_C_LANGUAGE_STANDARD = gnu17;
				GCC_DYNAMIC_NO_PIC = NO;
				GCC_NO_COMMON_BLOCKS = YES;
				GCC_OPTIMIZATION_LEVEL = 0;
				GCC_PREPROCESSOR_DEFINITIONS = (
					"DEBUG=1",
					"$(inherited)",
				);
				GCC_WARN_64_TO_32_BIT_CONVERSION = YES;
				GCC_WARN_ABOUT_RETURN_TYPE = YES_ERROR;
				GCC_WARN_UNDECLARED_SELECTOR = YES;
				GCC_WARN_UNINITIALIZED_AUTOS = YES_AGGRESSIVE;
				GCC_WARN_UNUSED_FUNCTION = YES;
				GCC_WARN_UNUSED_VARIABLE = YES;
				IPHONEOS_DEPLOYMENT_TARGET = 17.2;
				LOCALIZATION_PREFERS_STRING_CATALOGS = YES;
				MTL_ENABLE_DEBUG_INFO = INCLUDE_SOURCE;
				MTL_FAST_MATH = YES;
				ONLY_ACTIVE_ARCH = YES;
				SDKROOT = iphoneos;
				SWIFT_ACTIVE_COMPILATION_CONDITIONS = "DEBUG $(inherited)";
				SWIFT_OPTIMIZATION_LEVEL = "-Onone";
			};
			name = Debug;
		};
		D2AA4E922B82E718007D6FFC /* Release */ = {
			isa = XCBuildConfiguration;
			buildSettings = {
				ALWAYS_SEARCH_USER_PATHS = NO;
				ASSETCATALOG_COMPILER_GENERATE_SWIFT_ASSET_SYMBOL_EXTENSIONS = YES;
				CLANG_ANALYZER_NONNULL = YES;
				CLANG_ANALYZER_NUMBER_OBJECT_CONVERSION = YES_AGGRESSIVE;
				CLANG_CXX_LANGUAGE_STANDARD = "gnu++20";
				CLANG_ENABLE_MODULES = YES;
				CLANG_ENABLE_OBJC_ARC = YES;
				CLANG_ENABLE_OBJC_WEAK = YES;
				CLANG_WARN_BLOCK_CAPTURE_AUTORELEASING = YES;
				CLANG_WARN_BOOL_CONVERSION = YES;
				CLANG_WARN_COMMA = YES;
				CLANG_WARN_CONSTANT_CONVERSION = YES;
				CLANG_WARN_DEPRECATED_OBJC_IMPLEMENTATIONS = YES;
				CLANG_WARN_DIRECT_OBJC_ISA_USAGE = YES_ERROR;
				CLANG_WARN_DOCUMENTATION_COMMENTS = YES;
				CLANG_WARN_EMPTY_BODY = YES;
				CLANG_WARN_ENUM_CONVERSION = YES;
				CLANG_WARN_INFINITE_RECURSION = YES;
				CLANG_WARN_INT_CONVERSION = YES;
				CLANG_WARN_NON_LITERAL_NULL_CONVERSION = YES;
				CLANG_WARN_OBJC_IMPLICIT_RETAIN_SELF = YES;
				CLANG_WARN_OBJC_LITERAL_CONVERSION = YES;
				CLANG_WARN_OBJC_ROOT_CLASS = YES_ERROR;
				CLANG_WARN_QUOTED_INCLUDE_IN_FRAMEWORK_HEADER = YES;
				CLANG_WARN_RANGE_LOOP_ANALYSIS = YES;
				CLANG_WARN_STRICT_PROTOTYPES = YES;
				CLANG_WARN_SUSPICIOUS_MOVE = YES;
				CLANG_WARN_UNGUARDED_AVAILABILITY = YES_AGGRESSIVE;
				CLANG_WARN_UNREACHABLE_CODE = YES;
				CLANG_WARN__DUPLICATE_METHOD_MATCH = YES;
				COPY_PHASE_STRIP = NO;
				DEBUG_INFORMATION_FORMAT = "dwarf-with-dsym";
				ENABLE_NS_ASSERTIONS = NO;
				ENABLE_STRICT_OBJC_MSGSEND = YES;
				ENABLE_USER_SCRIPT_SANDBOXING = YES;
				GCC_C_LANGUAGE_STANDARD = gnu17;
				GCC_NO_COMMON_BLOCKS = YES;
				GCC_WARN_64_TO_32_BIT_CONVERSION = YES;
				GCC_WARN_ABOUT_RETURN_TYPE = YES_ERROR;
				GCC_WARN_UNDECLARED_SELECTOR = YES;
				GCC_WARN_UNINITIALIZED_AUTOS = YES_AGGRESSIVE;
				GCC_WARN_UNUSED_FUNCTION = YES;
				GCC_WARN_UNUSED_VARIABLE = YES;
				IPHONEOS_DEPLOYMENT_TARGET = 17.2;
				LOCALIZATION_PREFERS_STRING_CATALOGS = YES;
				MTL_ENABLE_DEBUG_INFO = NO;
				MTL_FAST_MATH = YES;
				SDKROOT = iphoneos;
				SWIFT_COMPILATION_MODE = wholemodule;
				VALIDATE_PRODUCT = YES;
			};
			name = Release;
		};
		D2AA4E942B82E718007D6FFC /* Debug */ = {
			isa = XCBuildConfiguration;
			buildSettings = {
				ASSETCATALOG_COMPILER_APPICON_NAME = AppIcon;
				ASSETCATALOG_COMPILER_GLOBAL_ACCENT_COLOR_NAME = AccentColor;
				CODE_SIGN_STYLE = Automatic;
				CURRENT_PROJECT_VERSION = 1;
				GENERATE_INFOPLIST_FILE = YES;
				INFOPLIST_FILE = RealVision/Info.plist;
				INFOPLIST_KEY_UIApplicationSupportsIndirectInputEvents = YES;
				INFOPLIST_KEY_UILaunchStoryboardName = LaunchScreen;
				INFOPLIST_KEY_UIMainStoryboardFile = Main;
				INFOPLIST_KEY_UISupportedInterfaceOrientations_iPad = "UIInterfaceOrientationPortrait UIInterfaceOrientationPortraitUpsideDown UIInterfaceOrientationLandscapeLeft UIInterfaceOrientationLandscapeRight";
				INFOPLIST_KEY_UISupportedInterfaceOrientations_iPhone = "UIInterfaceOrientationPortrait UIInterfaceOrientationLandscapeLeft UIInterfaceOrientationLandscapeRight";
				LD_RUNPATH_SEARCH_PATHS = (
					"$(inherited)",
					"@executable_path/Frameworks",
				);
				MARKETING_VERSION = 1.0;
				PRODUCT_BUNDLE_IDENTIFIER = edu.nwmissouri.spring24.cs44643.sec03.RealVision;
				PRODUCT_NAME = "$(TARGET_NAME)";
				SWIFT_EMIT_LOC_STRINGS = YES;
				SWIFT_VERSION = 5.0;
				TARGETED_DEVICE_FAMILY = "1,2";
			};
			name = Debug;
		};
		D2AA4E952B82E718007D6FFC /* Release */ = {
			isa = XCBuildConfiguration;
			buildSettings = {
				ASSETCATALOG_COMPILER_APPICON_NAME = AppIcon;
				ASSETCATALOG_COMPILER_GLOBAL_ACCENT_COLOR_NAME = AccentColor;
				CODE_SIGN_STYLE = Automatic;
				CURRENT_PROJECT_VERSION = 1;
				GENERATE_INFOPLIST_FILE = YES;
				INFOPLIST_FILE = RealVision/Info.plist;
				INFOPLIST_KEY_UIApplicationSupportsIndirectInputEvents = YES;
				INFOPLIST_KEY_UILaunchStoryboardName = LaunchScreen;
				INFOPLIST_KEY_UIMainStoryboardFile = Main;
				INFOPLIST_KEY_UISupportedInterfaceOrientations_iPad = "UIInterfaceOrientationPortrait UIInterfaceOrientationPortraitUpsideDown UIInterfaceOrientationLandscapeLeft UIInterfaceOrientationLandscapeRight";
				INFOPLIST_KEY_UISupportedInterfaceOrientations_iPhone = "UIInterfaceOrientationPortrait UIInterfaceOrientationLandscapeLeft UIInterfaceOrientationLandscapeRight";
				LD_RUNPATH_SEARCH_PATHS = (
					"$(inherited)",
					"@executable_path/Frameworks",
				);
				MARKETING_VERSION = 1.0;
				PRODUCT_BUNDLE_IDENTIFIER = edu.nwmissouri.spring24.cs44643.sec03.RealVision;
				PRODUCT_NAME = "$(TARGET_NAME)";
				SWIFT_EMIT_LOC_STRINGS = YES;
				SWIFT_VERSION = 5.0;
				TARGETED_DEVICE_FAMILY = "1,2";
			};
			name = Release;
		};
		D2AA4E972B82E718007D6FFC /* Debug */ = {
			isa = XCBuildConfiguration;
			buildSettings = {
				ALWAYS_EMBED_SWIFT_STANDARD_LIBRARIES = YES;
				BUNDLE_LOADER = "$(TEST_HOST)";
				CODE_SIGN_STYLE = Automatic;
				CURRENT_PROJECT_VERSION = 1;
				GENERATE_INFOPLIST_FILE = YES;
				IPHONEOS_DEPLOYMENT_TARGET = 17.2;
				MARKETING_VERSION = 1.0;
				PRODUCT_BUNDLE_IDENTIFIER = edu.nwmissouri.spring24.cs44643.sec03.RealVisionTests;
				PRODUCT_NAME = "$(TARGET_NAME)";
				SWIFT_EMIT_LOC_STRINGS = NO;
				SWIFT_VERSION = 5.0;
				TARGETED_DEVICE_FAMILY = "1,2";
				TEST_HOST = "$(BUILT_PRODUCTS_DIR)/RealVision.app/$(BUNDLE_EXECUTABLE_FOLDER_PATH)/RealVision";
			};
			name = Debug;
		};
		D2AA4E982B82E718007D6FFC /* Release */ = {
			isa = XCBuildConfiguration;
			buildSettings = {
				ALWAYS_EMBED_SWIFT_STANDARD_LIBRARIES = YES;
				BUNDLE_LOADER = "$(TEST_HOST)";
				CODE_SIGN_STYLE = Automatic;
				CURRENT_PROJECT_VERSION = 1;
				GENERATE_INFOPLIST_FILE = YES;
				IPHONEOS_DEPLOYMENT_TARGET = 17.2;
				MARKETING_VERSION = 1.0;
				PRODUCT_BUNDLE_IDENTIFIER = edu.nwmissouri.spring24.cs44643.sec03.RealVisionTests;
				PRODUCT_NAME = "$(TARGET_NAME)";
				SWIFT_EMIT_LOC_STRINGS = NO;
				SWIFT_VERSION = 5.0;
				TARGETED_DEVICE_FAMILY = "1,2";
				TEST_HOST = "$(BUILT_PRODUCTS_DIR)/RealVision.app/$(BUNDLE_EXECUTABLE_FOLDER_PATH)/RealVision";
			};
			name = Release;
		};
		D2AA4E9A2B82E718007D6FFC /* Debug */ = {
			isa = XCBuildConfiguration;
			buildSettings = {
				ALWAYS_EMBED_SWIFT_STANDARD_LIBRARIES = YES;
				CODE_SIGN_STYLE = Automatic;
				CURRENT_PROJECT_VERSION = 1;
				GENERATE_INFOPLIST_FILE = YES;
				MARKETING_VERSION = 1.0;
				PRODUCT_BUNDLE_IDENTIFIER = edu.nwmissouri.spring24.cs44643.sec03.RealVisionUITests;
				PRODUCT_NAME = "$(TARGET_NAME)";
				SWIFT_EMIT_LOC_STRINGS = NO;
				SWIFT_VERSION = 5.0;
				TARGETED_DEVICE_FAMILY = "1,2";
				TEST_TARGET_NAME = RealVision;
			};
			name = Debug;
		};
		D2AA4E9B2B82E718007D6FFC /* Release */ = {
			isa = XCBuildConfiguration;
			buildSettings = {
				ALWAYS_EMBED_SWIFT_STANDARD_LIBRARIES = YES;
				CODE_SIGN_STYLE = Automatic;
				CURRENT_PROJECT_VERSION = 1;
				GENERATE_INFOPLIST_FILE = YES;
				MARKETING_VERSION = 1.0;
				PRODUCT_BUNDLE_IDENTIFIER = edu.nwmissouri.spring24.cs44643.sec03.RealVisionUITests;
				PRODUCT_NAME = "$(TARGET_NAME)";
				SWIFT_EMIT_LOC_STRINGS = NO;
				SWIFT_VERSION = 5.0;
				TARGETED_DEVICE_FAMILY = "1,2";
				TEST_TARGET_NAME = RealVision;
			};
			name = Release;
		};
/* End XCBuildConfiguration section */

/* Begin XCConfigurationList section */
		D2AA4E642B82E717007D6FFC /* Build configuration list for PBXProject "RealVision" */ = {
			isa = XCConfigurationList;
			buildConfigurations = (
				D2AA4E912B82E718007D6FFC /* Debug */,
				D2AA4E922B82E718007D6FFC /* Release */,
			);
			defaultConfigurationIsVisible = 0;
			defaultConfigurationName = Release;
		};
		D2AA4E932B82E718007D6FFC /* Build configuration list for PBXNativeTarget "RealVision" */ = {
			isa = XCConfigurationList;
			buildConfigurations = (
				D2AA4E942B82E718007D6FFC /* Debug */,
				D2AA4E952B82E718007D6FFC /* Release */,
			);
			defaultConfigurationIsVisible = 0;
			defaultConfigurationName = Release;
		};
		D2AA4E962B82E718007D6FFC /* Build configuration list for PBXNativeTarget "RealVisionTests" */ = {
			isa = XCConfigurationList;
			buildConfigurations = (
				D2AA4E972B82E718007D6FFC /* Debug */,
				D2AA4E982B82E718007D6FFC /* Release */,
			);
			defaultConfigurationIsVisible = 0;
			defaultConfigurationName = Release;
		};
		D2AA4E992B82E718007D6FFC /* Build configuration list for PBXNativeTarget "RealVisionUITests" */ = {
			isa = XCConfigurationList;
			buildConfigurations = (
				D2AA4E9A2B82E718007D6FFC /* Debug */,
				D2AA4E9B2B82E718007D6FFC /* Release */,
			);
			defaultConfigurationIsVisible = 0;
			defaultConfigurationName = Release;
		};
/* End XCConfigurationList section */

/* Begin XCRemoteSwiftPackageReference section */
		72D9970F2B84856E004051E2 /* XCRemoteSwiftPackageReference "lottie-ios" */ = {
			isa = XCRemoteSwiftPackageReference;
			repositoryURL = "https://github.com/airbnb/lottie-ios.git";
			requirement = {
				kind = upToNextMajorVersion;
				minimumVersion = 4.4.0;
			};
		};
		9544896B2BB383140050F01B /* XCRemoteSwiftPackageReference "firebase-ios-sdk" */ = {
			isa = XCRemoteSwiftPackageReference;
			repositoryURL = "https://github.com/firebase/firebase-ios-sdk";
			requirement = {
				kind = upToNextMajorVersion;
				minimumVersion = 10.23.0;
			};
		};
/* End XCRemoteSwiftPackageReference section */

/* Begin XCSwiftPackageProductDependency section */
		72D997102B84856E004051E2 /* Lottie */ = {
			isa = XCSwiftPackageProductDependency;
			package = 72D9970F2B84856E004051E2 /* XCRemoteSwiftPackageReference "lottie-ios" */;
			productName = Lottie;
		};
		9544896C2BB383140050F01B /* FirebaseAnalytics */ = {
			isa = XCSwiftPackageProductDependency;
			package = 9544896B2BB383140050F01B /* XCRemoteSwiftPackageReference "firebase-ios-sdk" */;
			productName = FirebaseAnalytics;
		};
		9544896E2BB383140050F01B /* FirebaseDatabase */ = {
			isa = XCSwiftPackageProductDependency;
			package = 9544896B2BB383140050F01B /* XCRemoteSwiftPackageReference "firebase-ios-sdk" */;
			productName = FirebaseDatabase;
		};
		954489702BB383140050F01B /* FirebaseDatabaseSwift */ = {
			isa = XCSwiftPackageProductDependency;
			package = 9544896B2BB383140050F01B /* XCRemoteSwiftPackageReference "firebase-ios-sdk" */;
			productName = FirebaseDatabaseSwift;
		};
		954489722BB383140050F01B /* FirebaseFirestore */ = {
			isa = XCSwiftPackageProductDependency;
			package = 9544896B2BB383140050F01B /* XCRemoteSwiftPackageReference "firebase-ios-sdk" */;
			productName = FirebaseFirestore;
		};
		954489742BB383140050F01B /* FirebaseFirestoreCombine-Community */ = {
			isa = XCSwiftPackageProductDependency;
			package = 9544896B2BB383140050F01B /* XCRemoteSwiftPackageReference "firebase-ios-sdk" */;
			productName = "FirebaseFirestoreCombine-Community";
		};
		954489762BB383140050F01B /* FirebaseFirestoreSwift */ = {
			isa = XCSwiftPackageProductDependency;
			package = 9544896B2BB383140050F01B /* XCRemoteSwiftPackageReference "firebase-ios-sdk" */;
			productName = FirebaseFirestoreSwift;
		};
		954489782BB383140050F01B /* FirebaseStorage */ = {
			isa = XCSwiftPackageProductDependency;
			package = 9544896B2BB383140050F01B /* XCRemoteSwiftPackageReference "firebase-ios-sdk" */;
			productName = FirebaseStorage;
		};
		9544897E2BB4CB840050F01B /* FirebaseAuth */ = {
			isa = XCSwiftPackageProductDependency;
			package = 9544896B2BB383140050F01B /* XCRemoteSwiftPackageReference "firebase-ios-sdk" */;
			productName = FirebaseAuth;
		};
/* End XCSwiftPackageProductDependency section */
	};
	rootObject = D2AA4E612B82E717007D6FFC /* Project object */;
}
